
Microsoft Visual Studio Solution File, Format Version 12.00
# Visual Studio Version 16
VisualStudioVersion = 16.0.30011.22
MinimumVisualStudioVersion = 10.0.40219.1
Project("{FAE04EC0-301F-11D3-BF4B-00C04F79EFBC}") = "ICQ.Bot.Net", "ICQ.Bot\ICQ.Bot.Net.csproj", "{DA51DC92-5B50-48DC-A72A-0A8DE3DBB9B3}"
EndProject
Global
	GlobalSection(SolutionConfigurationPlatforms) = preSolution
		Debug|Any CPU = Debug|Any CPU
		Release|Any CPU = Release|Any CPU
	EndGlobalSection
	GlobalSection(ProjectConfigurationPlatforms) = postSolution
		{DA51DC92-5B50-48DC-A72A-0A8DE3DBB9B3}.Debug|Any CPU.ActiveCfg = Debug|Any CPU
		{DA51DC92-5B50-48DC-A72A-0A8DE3DBB9B3}.Debug|Any CPU.Build.0 = Debug|Any CPU
		{DA51DC92-5B50-48DC-A72A-0A8DE3DBB9B3}.Release|Any CPU.ActiveCfg = Release|Any CPU
		{DA51DC92-5B50-48DC-A72A-0A8DE3DBB9B3}.Release|Any CPU.Build.0 = Release|Any CPU
	EndGlobalSection
	GlobalSection(SolutionProperties) = preSolution
		HideSolutionNode = FALSE
	EndGlobalSection
	GlobalSection(ExtensibilityGlobals) = postSolution
		SolutionGuid = {13194CC6-FB45-4F8E-A899-D29DDFE8B48A}
	EndGlobalSection
EndGlobal
